// !$*UTF8*$!
{
	archiveVersion = 1;
	classes = {
	};
	objectVersion = 55;
	objects = {

/* Begin PBXBuildFile section */
		888FFD9128BF100100479139 /* QuoteDetailsView.swift in Sources */ = {isa = PBXBuildFile; fileRef = 888FFD9028BF100100479139 /* QuoteDetailsView.swift */; };
		888FFD9328BF10C700479139 /* ShipmentRowView.swift in Sources */ = {isa = PBXBuildFile; fileRef = 888FFD9228BF10C700479139 /* ShipmentRowView.swift */; };
		888FFD9528C46A4900479139 /* ShipmentCharge.swift in Sources */ = {isa = PBXBuildFile; fileRef = 888FFD9428C46A4900479139 /* ShipmentCharge.swift */; };
		888FFD9728C5544200479139 /* ConfirmShipmentView.swift in Sources */ = {isa = PBXBuildFile; fileRef = 888FFD9628C5544200479139 /* ConfirmShipmentView.swift */; };
		888FFD9928C554E000479139 /* CarrierStore.swift in Sources */ = {isa = PBXBuildFile; fileRef = 888FFD9828C554E000479139 /* CarrierStore.swift */; };
		888FFD9B28C554E900479139 /* QuoteStore.swift in Sources */ = {isa = PBXBuildFile; fileRef = 888FFD9A28C554E900479139 /* QuoteStore.swift */; };
		888FFDA028C5559000479139 /* TmsStoreProtocol.swift in Sources */ = {isa = PBXBuildFile; fileRef = 888FFD9F28C5559000479139 /* TmsStoreProtocol.swift */; };
		88A0163F28BC56D200111EA9 /* ios_tmsApp.swift in Sources */ = {isa = PBXBuildFile; fileRef = 88A0163E28BC56D200111EA9 /* ios_tmsApp.swift */; };
		88A0164328BC56D400111EA9 /* Assets.xcassets in Resources */ = {isa = PBXBuildFile; fileRef = 88A0164228BC56D400111EA9 /* Assets.xcassets */; };
		88A0164628BC56D400111EA9 /* Preview Assets.xcassets in Resources */ = {isa = PBXBuildFile; fileRef = 88A0164528BC56D400111EA9 /* Preview Assets.xcassets */; };
		88A0164F28BC5A8C00111EA9 /* Shipment.swift in Sources */ = {isa = PBXBuildFile; fileRef = 88A0164E28BC5A8C00111EA9 /* Shipment.swift */; };
		88A0165128BC5A9600111EA9 /* ShipmentItem.swift in Sources */ = {isa = PBXBuildFile; fileRef = 88A0165028BC5A9600111EA9 /* ShipmentItem.swift */; };
		88A0165328BC5AA500111EA9 /* Address.swift in Sources */ = {isa = PBXBuildFile; fileRef = 88A0165228BC5AA500111EA9 /* Address.swift */; };
		88A0165528BC5CD600111EA9 /* Carrier.swift in Sources */ = {isa = PBXBuildFile; fileRef = 88A0165428BC5CD600111EA9 /* Carrier.swift */; };
		88A0165928BC5D7700111EA9 /* CentralView.swift in Sources */ = {isa = PBXBuildFile; fileRef = 88A0165828BC5D7700111EA9 /* CentralView.swift */; };
		88A0165B28BC5D9C00111EA9 /* ShipmentsView.swift in Sources */ = {isa = PBXBuildFile; fileRef = 88A0165A28BC5D9C00111EA9 /* ShipmentsView.swift */; };
		88A0165F28BC5DC100111EA9 /* CreateShipmentView.swift in Sources */ = {isa = PBXBuildFile; fileRef = 88A0165E28BC5DC100111EA9 /* CreateShipmentView.swift */; };
		88A0166128BC5DEF00111EA9 /* ShipmentDetailsView.swift in Sources */ = {isa = PBXBuildFile; fileRef = 88A0166028BC5DEF00111EA9 /* ShipmentDetailsView.swift */; };
		88A0166528BC5E2B00111EA9 /* QuotesView.swift in Sources */ = {isa = PBXBuildFile; fileRef = 88A0166428BC5E2B00111EA9 /* QuotesView.swift */; };
		88A0166828BC613800111EA9 /* DashboardView.swift in Sources */ = {isa = PBXBuildFile; fileRef = 88A0166728BC613800111EA9 /* DashboardView.swift */; };
		88A0167128BDB43D00111EA9 /* ShipmentStore.swift in Sources */ = {isa = PBXBuildFile; fileRef = 88A0167028BDB43D00111EA9 /* ShipmentStore.swift */; };
/* End PBXBuildFile section */

/* Begin PBXFileReference section */
		888FFD9028BF100100479139 /* QuoteDetailsView.swift */ = {isa = PBXFileReference; lastKnownFileType = sourcecode.swift; path = QuoteDetailsView.swift; sourceTree = "<group>"; };
		888FFD9228BF10C700479139 /* ShipmentRowView.swift */ = {isa = PBXFileReference; lastKnownFileType = sourcecode.swift; path = ShipmentRowView.swift; sourceTree = "<group>"; };
		888FFD9428C46A4900479139 /* ShipmentCharge.swift */ = {isa = PBXFileReference; lastKnownFileType = sourcecode.swift; path = ShipmentCharge.swift; sourceTree = "<group>"; };
		888FFD9628C5544200479139 /* ConfirmShipmentView.swift */ = {isa = PBXFileReference; lastKnownFileType = sourcecode.swift; path = ConfirmShipmentView.swift; sourceTree = "<group>"; };
		888FFD9828C554E000479139 /* CarrierStore.swift */ = {isa = PBXFileReference; lastKnownFileType = sourcecode.swift; path = CarrierStore.swift; sourceTree = "<group>"; };
		888FFD9A28C554E900479139 /* QuoteStore.swift */ = {isa = PBXFileReference; lastKnownFileType = sourcecode.swift; path = QuoteStore.swift; sourceTree = "<group>"; };
		888FFD9F28C5559000479139 /* TmsStoreProtocol.swift */ = {isa = PBXFileReference; lastKnownFileType = sourcecode.swift; path = TmsStoreProtocol.swift; sourceTree = "<group>"; };
		88A0163B28BC56D200111EA9 /* ios-tms.app */ = {isa = PBXFileReference; explicitFileType = wrapper.application; includeInIndex = 0; path = "ios-tms.app"; sourceTree = BUILT_PRODUCTS_DIR; };
		88A0163E28BC56D200111EA9 /* ios_tmsApp.swift */ = {isa = PBXFileReference; lastKnownFileType = sourcecode.swift; path = ios_tmsApp.swift; sourceTree = "<group>"; };
		88A0164228BC56D400111EA9 /* Assets.xcassets */ = {isa = PBXFileReference; lastKnownFileType = folder.assetcatalog; path = Assets.xcassets; sourceTree = "<group>"; };
		88A0164528BC56D400111EA9 /* Preview Assets.xcassets */ = {isa = PBXFileReference; lastKnownFileType = folder.assetcatalog; path = "Preview Assets.xcassets"; sourceTree = "<group>"; };
		88A0164E28BC5A8C00111EA9 /* Shipment.swift */ = {isa = PBXFileReference; lastKnownFileType = sourcecode.swift; path = Shipment.swift; sourceTree = "<group>"; };
		88A0165028BC5A9600111EA9 /* ShipmentItem.swift */ = {isa = PBXFileReference; lastKnownFileType = sourcecode.swift; path = ShipmentItem.swift; sourceTree = "<group>"; };
		88A0165228BC5AA500111EA9 /* Address.swift */ = {isa = PBXFileReference; lastKnownFileType = sourcecode.swift; path = Address.swift; sourceTree = "<group>"; };
		88A0165428BC5CD600111EA9 /* Carrier.swift */ = {isa = PBXFileReference; lastKnownFileType = sourcecode.swift; path = Carrier.swift; sourceTree = "<group>"; };
		88A0165828BC5D7700111EA9 /* CentralView.swift */ = {isa = PBXFileReference; lastKnownFileType = sourcecode.swift; path = CentralView.swift; sourceTree = "<group>"; };
		88A0165A28BC5D9C00111EA9 /* ShipmentsView.swift */ = {isa = PBXFileReference; lastKnownFileType = sourcecode.swift; path = ShipmentsView.swift; sourceTree = "<group>"; };
		88A0165E28BC5DC100111EA9 /* CreateShipmentView.swift */ = {isa = PBXFileReference; lastKnownFileType = sourcecode.swift; path = CreateShipmentView.swift; sourceTree = "<group>"; };
		88A0166028BC5DEF00111EA9 /* ShipmentDetailsView.swift */ = {isa = PBXFileReference; lastKnownFileType = sourcecode.swift; path = ShipmentDetailsView.swift; sourceTree = "<group>"; };
		88A0166428BC5E2B00111EA9 /* QuotesView.swift */ = {isa = PBXFileReference; lastKnownFileType = sourcecode.swift; path = QuotesView.swift; sourceTree = "<group>"; };
		88A0166728BC613800111EA9 /* DashboardView.swift */ = {isa = PBXFileReference; lastKnownFileType = sourcecode.swift; path = DashboardView.swift; sourceTree = "<group>"; };
		88A0167028BDB43D00111EA9 /* ShipmentStore.swift */ = {isa = PBXFileReference; lastKnownFileType = sourcecode.swift; path = ShipmentStore.swift; sourceTree = "<group>"; };
/* End PBXFileReference section */

/* Begin PBXFrameworksBuildPhase section */
		88A0163828BC56D200111EA9 /* Frameworks */ = {
			isa = PBXFrameworksBuildPhase;
			buildActionMask = 2147483647;
			files = (
			);
			runOnlyForDeploymentPostprocessing = 0;
		};
/* End PBXFrameworksBuildPhase section */

/* Begin PBXGroup section */
		888FFD9E28C5557B00479139 /* Protocols */ = {
			isa = PBXGroup;
			children = (
				888FFD9F28C5559000479139 /* TmsStoreProtocol.swift */,
			);
			path = Protocols;
			sourceTree = "<group>";
		};
		88A0163228BC56D200111EA9 = {
			isa = PBXGroup;
			children = (
				88A0163D28BC56D200111EA9 /* ios-tms */,
				88A0163C28BC56D200111EA9 /* Products */,
			);
			sourceTree = "<group>";
		};
		88A0163C28BC56D200111EA9 /* Products */ = {
			isa = PBXGroup;
			children = (
				88A0163B28BC56D200111EA9 /* ios-tms.app */,
			);
			name = Products;
			sourceTree = "<group>";
		};
		88A0163D28BC56D200111EA9 /* ios-tms */ = {
			isa = PBXGroup;
			children = (
				88A0166F28BDB43400111EA9 /* Stores */,
				88A0164D28BC5A8200111EA9 /* Models */,
				88A0164C28BC5A7C00111EA9 /* Views */,
				88A0163E28BC56D200111EA9 /* ios_tmsApp.swift */,
				88A0164228BC56D400111EA9 /* Assets.xcassets */,
				88A0164428BC56D400111EA9 /* Preview Content */,
			);
			path = "ios-tms";
			sourceTree = "<group>";
		};
		88A0164428BC56D400111EA9 /* Preview Content */ = {
			isa = PBXGroup;
			children = (
				88A0164528BC56D400111EA9 /* Preview Assets.xcassets */,
			);
			path = "Preview Content";
			sourceTree = "<group>";
		};
		88A0164C28BC5A7C00111EA9 /* Views */ = {
			isa = PBXGroup;
			children = (
				88A0166628BC612E00111EA9 /* Dashboard */,
				88A0166328BC5E0E00111EA9 /* Quotes */,
				88A0166228BC5DF800111EA9 /* Shipments */,
				88A0165828BC5D7700111EA9 /* CentralView.swift */,
			);
			path = Views;
			sourceTree = "<group>";
		};
		88A0164D28BC5A8200111EA9 /* Models */ = {
			isa = PBXGroup;
			children = (
				88A0164E28BC5A8C00111EA9 /* Shipment.swift */,
				88A0165028BC5A9600111EA9 /* ShipmentItem.swift */,
				88A0165228BC5AA500111EA9 /* Address.swift */,
				88A0165428BC5CD600111EA9 /* Carrier.swift */,
				888FFD9428C46A4900479139 /* ShipmentCharge.swift */,
			);
			path = Models;
			sourceTree = "<group>";
		};
		88A0166228BC5DF800111EA9 /* Shipments */ = {
			isa = PBXGroup;
			children = (
				88A0165A28BC5D9C00111EA9 /* ShipmentsView.swift */,
				88A0165E28BC5DC100111EA9 /* CreateShipmentView.swift */,
				88A0166028BC5DEF00111EA9 /* ShipmentDetailsView.swift */,
				888FFD9228BF10C700479139 /* ShipmentRowView.swift */,
				888FFD9628C5544200479139 /* ConfirmShipmentView.swift */,
			);
			path = Shipments;
			sourceTree = "<group>";
		};
		88A0166328BC5E0E00111EA9 /* Quotes */ = {
			isa = PBXGroup;
			children = (
				88A0166428BC5E2B00111EA9 /* QuotesView.swift */,
				888FFD9028BF100100479139 /* QuoteDetailsView.swift */,
			);
			path = Quotes;
			sourceTree = "<group>";
		};
		88A0166628BC612E00111EA9 /* Dashboard */ = {
			isa = PBXGroup;
			children = (
				88A0166728BC613800111EA9 /* DashboardView.swift */,
			);
			path = Dashboard;
			sourceTree = "<group>";
		};
		88A0166F28BDB43400111EA9 /* Stores */ = {
			isa = PBXGroup;
			children = (
				888FFD9E28C5557B00479139 /* Protocols */,
				88A0167028BDB43D00111EA9 /* ShipmentStore.swift */,
				888FFD9828C554E000479139 /* CarrierStore.swift */,
				888FFD9A28C554E900479139 /* QuoteStore.swift */,
			);
			path = Stores;
			sourceTree = "<group>";
		};
/* End PBXGroup section */

/* Begin PBXNativeTarget section */
		88A0163A28BC56D200111EA9 /* ios-tms */ = {
			isa = PBXNativeTarget;
			buildConfigurationList = 88A0164928BC56D400111EA9 /* Build configuration list for PBXNativeTarget "ios-tms" */;
			buildPhases = (
				88A0163728BC56D200111EA9 /* Sources */,
				88A0163828BC56D200111EA9 /* Frameworks */,
				88A0163928BC56D200111EA9 /* Resources */,
			);
			buildRules = (
			);
			dependencies = (
			);
			name = "ios-tms";
			productName = "ios-tms";
			productReference = 88A0163B28BC56D200111EA9 /* ios-tms.app */;
			productType = "com.apple.product-type.application";
		};
/* End PBXNativeTarget section */

/* Begin PBXProject section */
		88A0163328BC56D200111EA9 /* Project object */ = {
			isa = PBXProject;
			attributes = {
				BuildIndependentTargetsInParallel = 1;
				LastSwiftUpdateCheck = 1340;
				LastUpgradeCheck = 1340;
				TargetAttributes = {
					88A0163A28BC56D200111EA9 = {
						CreatedOnToolsVersion = 13.4.1;
					};
				};
			};
			buildConfigurationList = 88A0163628BC56D200111EA9 /* Build configuration list for PBXProject "ios-tms" */;
			compatibilityVersion = "Xcode 13.0";
			developmentRegion = en;
			hasScannedForEncodings = 0;
			knownRegions = (
				en,
				Base,
			);
			mainGroup = 88A0163228BC56D200111EA9;
			productRefGroup = 88A0163C28BC56D200111EA9 /* Products */;
			projectDirPath = "";
			projectRoot = "";
			targets = (
				88A0163A28BC56D200111EA9 /* ios-tms */,
			);
		};
/* End PBXProject section */

/* Begin PBXResourcesBuildPhase section */
		88A0163928BC56D200111EA9 /* Resources */ = {
			isa = PBXResourcesBuildPhase;
			buildActionMask = 2147483647;
			files = (
				88A0164628BC56D400111EA9 /* Preview Assets.xcassets in Resources */,
				88A0164328BC56D400111EA9 /* Assets.xcassets in Resources */,
			);
			runOnlyForDeploymentPostprocessing = 0;
		};
/* End PBXResourcesBuildPhase section */

/* Begin PBXSourcesBuildPhase section */
		88A0163728BC56D200111EA9 /* Sources */ = {
			isa = PBXSourcesBuildPhase;
			buildActionMask = 2147483647;
			files = (
				88A0165F28BC5DC100111EA9 /* CreateShipmentView.swift in Sources */,
				888FFDA028C5559000479139 /* TmsStoreProtocol.swift in Sources */,
				888FFD9328BF10C700479139 /* ShipmentRowView.swift in Sources */,
				88A0166128BC5DEF00111EA9 /* ShipmentDetailsView.swift in Sources */,
				88A0165528BC5CD600111EA9 /* Carrier.swift in Sources */,
				88A0165928BC5D7700111EA9 /* CentralView.swift in Sources */,
				888FFD9928C554E000479139 /* CarrierStore.swift in Sources */,
				888FFD9728C5544200479139 /* ConfirmShipmentView.swift in Sources */,
				888FFD9528C46A4900479139 /* ShipmentCharge.swift in Sources */,
				888FFD9128BF100100479139 /* QuoteDetailsView.swift in Sources */,
				88A0165128BC5A9600111EA9 /* ShipmentItem.swift in Sources */,
				88A0165B28BC5D9C00111EA9 /* ShipmentsView.swift in Sources */,
				88A0167128BDB43D00111EA9 /* ShipmentStore.swift in Sources */,
				88A0166828BC613800111EA9 /* DashboardView.swift in Sources */,
				88A0166528BC5E2B00111EA9 /* QuotesView.swift in Sources */,
				88A0163F28BC56D200111EA9 /* ios_tmsApp.swift in Sources */,
				88A0164F28BC5A8C00111EA9 /* Shipment.swift in Sources */,
				888FFD9B28C554E900479139 /* QuoteStore.swift in Sources */,
				88A0165328BC5AA500111EA9 /* Address.swift in Sources */,
			);
			runOnlyForDeploymentPostprocessing = 0;
		};
/* End PBXSourcesBuildPhase section */

/* Begin XCBuildConfiguration section */
		88A0164728BC56D400111EA9 /* Debug */ = {
			isa = XCBuildConfiguration;
			buildSettings = {
				ALWAYS_SEARCH_USER_PATHS = NO;
				CLANG_ANALYZER_NONNULL = YES;
				CLANG_ANALYZER_NUMBER_OBJECT_CONVERSION = YES_AGGRESSIVE;
				CLANG_CXX_LANGUAGE_STANDARD = "gnu++17";
				CLANG_ENABLE_MODULES = YES;
				CLANG_ENABLE_OBJC_ARC = YES;
				CLANG_ENABLE_OBJC_WEAK = YES;
				CLANG_WARN_BLOCK_CAPTURE_AUTORELEASING = YES;
				CLANG_WARN_BOOL_CONVERSION = YES;
				CLANG_WARN_COMMA = YES;
				CLANG_WARN_CONSTANT_CONVERSION = YES;
				CLANG_WARN_DEPRECATED_OBJC_IMPLEMENTATIONS = YES;
				CLANG_WARN_DIRECT_OBJC_ISA_USAGE = YES_ERROR;
				CLANG_WARN_DOCUMENTATION_COMMENTS = YES;
				CLANG_WARN_EMPTY_BODY = YES;
				CLANG_WARN_ENUM_CONVERSION = YES;
				CLANG_WARN_INFINITE_RECURSION = YES;
				CLANG_WARN_INT_CONVERSION = YES;
				CLANG_WARN_NON_LITERAL_NULL_CONVERSION = YES;
				CLANG_WARN_OBJC_IMPLICIT_RETAIN_SELF = YES;
				CLANG_WARN_OBJC_LITERAL_CONVERSION = YES;
				CLANG_WARN_OBJC_ROOT_CLASS = YES_ERROR;
				CLANG_WARN_QUOTED_INCLUDE_IN_FRAMEWORK_HEADER = YES;
				CLANG_WARN_RANGE_LOOP_ANALYSIS = YES;
				CLANG_WARN_STRICT_PROTOTYPES = YES;
				CLANG_WARN_SUSPICIOUS_MOVE = YES;
				CLANG_WARN_UNGUARDED_AVAILABILITY = YES_AGGRESSIVE;
				CLANG_WARN_UNREACHABLE_CODE = YES;
				CLANG_WARN__DUPLICATE_METHOD_MATCH = YES;
				COPY_PHASE_STRIP = NO;
				DEBUG_INFORMATION_FORMAT = dwarf;
				ENABLE_STRICT_OBJC_MSGSEND = YES;
				ENABLE_TESTABILITY = YES;
				GCC_C_LANGUAGE_STANDARD = gnu11;
				GCC_DYNAMIC_NO_PIC = NO;
				GCC_NO_COMMON_BLOCKS = YES;
				GCC_OPTIMIZATION_LEVEL = 0;
				GCC_PREPROCESSOR_DEFINITIONS = (
					"DEBUG=1",
					"$(inherited)",
				);
				GCC_WARN_64_TO_32_BIT_CONVERSION = YES;
				GCC_WARN_ABOUT_RETURN_TYPE = YES_ERROR;
				GCC_WARN_UNDECLARED_SELECTOR = YES;
				GCC_WARN_UNINITIALIZED_AUTOS = YES_AGGRESSIVE;
				GCC_WARN_UNUSED_FUNCTION = YES;
				GCC_WARN_UNUSED_VARIABLE = YES;
				IPHONEOS_DEPLOYMENT_TARGET = 15.5;
				MTL_ENABLE_DEBUG_INFO = INCLUDE_SOURCE;
				MTL_FAST_MATH = YES;
				ONLY_ACTIVE_ARCH = YES;
				SDKROOT = iphoneos;
				SWIFT_ACTIVE_COMPILATION_CONDITIONS = DEBUG;
				SWIFT_OPTIMIZATION_LEVEL = "-Onone";
			};
			name = Debug;
		};
		88A0164828BC56D400111EA9 /* Release */ = {
			isa = XCBuildConfiguration;
			buildSettings = {
				ALWAYS_SEARCH_USER_PATHS = NO;
				CLANG_ANALYZER_NONNULL = YES;
				CLANG_ANALYZER_NUMBER_OBJECT_CONVERSION = YES_AGGRESSIVE;
				CLANG_CXX_LANGUAGE_STANDARD = "gnu++17";
				CLANG_ENABLE_MODULES = YES;
				CLANG_ENABLE_OBJC_ARC = YES;
				CLANG_ENABLE_OBJC_WEAK = YES;
				CLANG_WARN_BLOCK_CAPTURE_AUTORELEASING = YES;
				CLANG_WARN_BOOL_CONVERSION = YES;
				CLANG_WARN_COMMA = YES;
				CLANG_WARN_CONSTANT_CONVERSION = YES;
				CLANG_WARN_DEPRECATED_OBJC_IMPLEMENTATIONS = YES;
				CLANG_WARN_DIRECT_OBJC_ISA_USAGE = YES_ERROR;
				CLANG_WARN_DOCUMENTATION_COMMENTS = YES;
				CLANG_WARN_EMPTY_BODY = YES;
				CLANG_WARN_ENUM_CONVERSION = YES;
				CLANG_WARN_INFINITE_RECURSION = YES;
				CLANG_WARN_INT_CONVERSION = YES;
				CLANG_WARN_NON_LITERAL_NULL_CONVERSION = YES;
				CLANG_WARN_OBJC_IMPLICIT_RETAIN_SELF = YES;
				CLANG_WARN_OBJC_LITERAL_CONVERSION = YES;
				CLANG_WARN_OBJC_ROOT_CLASS = YES_ERROR;
				CLANG_WARN_QUOTED_INCLUDE_IN_FRAMEWORK_HEADER = YES;
				CLANG_WARN_RANGE_LOOP_ANALYSIS = YES;
				CLANG_WARN_STRICT_PROTOTYPES = YES;
				CLANG_WARN_SUSPICIOUS_MOVE = YES;
				CLANG_WARN_UNGUARDED_AVAILABILITY = YES_AGGRESSIVE;
				CLANG_WARN_UNREACHABLE_CODE = YES;
				CLANG_WARN__DUPLICATE_METHOD_MATCH = YES;
				COPY_PHASE_STRIP = NO;
				DEBUG_INFORMATION_FORMAT = "dwarf-with-dsym";
				ENABLE_NS_ASSERTIONS = NO;
				ENABLE_STRICT_OBJC_MSGSEND = YES;
				GCC_C_LANGUAGE_STANDARD = gnu11;
				GCC_NO_COMMON_BLOCKS = YES;
				GCC_WARN_64_TO_32_BIT_CONVERSION = YES;
				GCC_WARN_ABOUT_RETURN_TYPE = YES_ERROR;
				GCC_WARN_UNDECLARED_SELECTOR = YES;
				GCC_WARN_UNINITIALIZED_AUTOS = YES_AGGRESSIVE;
				GCC_WARN_UNUSED_FUNCTION = YES;
				GCC_WARN_UNUSED_VARIABLE = YES;
				IPHONEOS_DEPLOYMENT_TARGET = 15.5;
				MTL_ENABLE_DEBUG_INFO = NO;
				MTL_FAST_MATH = YES;
				SDKROOT = iphoneos;
				SWIFT_COMPILATION_MODE = wholemodule;
				SWIFT_OPTIMIZATION_LEVEL = "-O";
				VALIDATE_PRODUCT = YES;
			};
			name = Release;
		};
		88A0164A28BC56D400111EA9 /* Debug */ = {
			isa = XCBuildConfiguration;
			buildSettings = {
				ASSETCATALOG_COMPILER_APPICON_NAME = AppIcon;
				ASSETCATALOG_COMPILER_GLOBAL_ACCENT_COLOR_NAME = AccentColor;
				CODE_SIGN_STYLE = Automatic;
				CURRENT_PROJECT_VERSION = 1;
				DEVELOPMENT_ASSET_PATHS = "\"ios-tms/Preview Content\"";
				DEVELOPMENT_TEAM = HCX43DJU6Q;
				ENABLE_PREVIEWS = YES;
				GENERATE_INFOPLIST_FILE = YES;
				INFOPLIST_KEY_UIApplicationSceneManifest_Generation = YES;
				INFOPLIST_KEY_UIApplicationSupportsIndirectInputEvents = YES;
				INFOPLIST_KEY_UILaunchScreen_Generation = YES;
				INFOPLIST_KEY_UISupportedInterfaceOrientations_iPad = "UIInterfaceOrientationPortrait UIInterfaceOrientationPortraitUpsideDown UIInterfaceOrientationLandscapeLeft UIInterfaceOrientationLandscapeRight";
				INFOPLIST_KEY_UISupportedInterfaceOrientations_iPhone = "UIInterfaceOrientationPortrait UIInterfaceOrientationLandscapeLeft UIInterfaceOrientationLandscapeRight";
				LD_RUNPATH_SEARCH_PATHS = (
					"$(inherited)",
					"@executable_path/Frameworks",
				);
				MARKETING_VERSION = 1.0;
				PRODUCT_BUNDLE_IDENTIFIER = "com.km-dev.ios-tms";
				PRODUCT_NAME = "$(TARGET_NAME)";
				SWIFT_EMIT_LOC_STRINGS = YES;
				SWIFT_VERSION = 5.0;
				TARGETED_DEVICE_FAMILY = "1,2";
			};
			name = Debug;
		};
		88A0164B28BC56D400111EA9 /* Release */ = {
			isa = XCBuildConfiguration;
			buildSettings = {
				ASSETCATALOG_COMPILER_APPICON_NAME = AppIcon;
				ASSETCATALOG_COMPILER_GLOBAL_ACCENT_COLOR_NAME = AccentColor;
				CODE_SIGN_STYLE = Automatic;
				CURRENT_PROJECT_VERSION = 1;
				DEVELOPMENT_ASSET_PATHS = "\"ios-tms/Preview Content\"";
				DEVELOPMENT_TEAM = HCX43DJU6Q;
				ENABLE_PREVIEWS = YES;
				GENERATE_INFOPLIST_FILE = YES;
				INFOPLIST_KEY_UIApplicationSceneManifest_Generation = YES;
				INFOPLIST_KEY_UIApplicationSupportsIndirectInputEvents = YES;
				INFOPLIST_KEY_UILaunchScreen_Generation = YES;
				INFOPLIST_KEY_UISupportedInterfaceOrientations_iPad = "UIInterfaceOrientationPortrait UIInterfaceOrientationPortraitUpsideDown UIInterfaceOrientationLandscapeLeft UIInterfaceOrientationLandscapeRight";
				INFOPLIST_KEY_UISupportedInterfaceOrientations_iPhone = "UIInterfaceOrientationPortrait UIInterfaceOrientationLandscapeLeft UIInterfaceOrientationLandscapeRight";
				LD_RUNPATH_SEARCH_PATHS = (
					"$(inherited)",
					"@executable_path/Frameworks",
				);
				MARKETING_VERSION = 1.0;
				PRODUCT_BUNDLE_IDENTIFIER = "com.km-dev.ios-tms";
				PRODUCT_NAME = "$(TARGET_NAME)";
				SWIFT_EMIT_LOC_STRINGS = YES;
				SWIFT_VERSION = 5.0;
				TARGETED_DEVICE_FAMILY = "1,2";
			};
			name = Release;
		};
/* End XCBuildConfiguration section */

/* Begin XCConfigurationList section */
		88A0163628BC56D200111EA9 /* Build configuration list for PBXProject "ios-tms" */ = {
			isa = XCConfigurationList;
			buildConfigurations = (
				88A0164728BC56D400111EA9 /* Debug */,
				88A0164828BC56D400111EA9 /* Release */,
			);
			defaultConfigurationIsVisible = 0;
			defaultConfigurationName = Release;
		};
		88A0164928BC56D400111EA9 /* Build configuration list for PBXNativeTarget "ios-tms" */ = {
			isa = XCConfigurationList;
			buildConfigurations = (
				88A0164A28BC56D400111EA9 /* Debug */,
				88A0164B28BC56D400111EA9 /* Release */,
			);
			defaultConfigurationIsVisible = 0;
			defaultConfigurationName = Release;
		};
/* End XCConfigurationList section */
	};
	rootObject = 88A0163328BC56D200111EA9 /* Project object */;
}
